{
    "_readme": [
        "This file locks the dependencies of your project to a known state",
        "Read more about it at https://getcomposer.org/doc/01-basic-usage.md#composer-lock-the-lock-file",
        "This file is @generated automatically"
    ],
    "content-hash": "ad1817adc1ae66cbf06ccd8eb0222072",
    "packages": [
        {
            "name": "zyneframework/core",
            "version": "dev-master",
            "source": {
                "type": "git",
                "url": "https://github.com/zyneframework/core.git",
                "reference": "66612d4dfba5b665aad69a761ba8a564297cbcb3"
            },
            "dist": {
                "type": "zip",
                "url": "https://api.github.com/repos/zyneframework/core/zipball/66612d4dfba5b665aad69a761ba8a564297cbcb3",
                "reference": "66612d4dfba5b665aad69a761ba8a564297cbcb3",
                "shasum": ""
            },
            "require": {
                "zyneframework/core-min": "dev-master"
            },
            "type": "library",
            "autoload": {
                "psr-4": {
                    "Zyne\\": "src/"
                }
            },
            "notification-url": "https://packagist.org/downloads/",
            "license": [
                "New BSD License"
            ],
            "authors": [
                {
                    "name": "Gilberto Albino",
                    "email": "zyneframework@zyne.com.br"
                }
            ],
            "description": "Componente Core do Framework Zyne - Pacote Completo",
            "time": "2017-02-20 23:14:04"
        },
        {
            "name": "zyneframework/core-min",
            "version": "dev-master",
            "source": {
                "type": "git",
                "url": "https://github.com/zyneframework/core-min.git",
                "reference": "cfcd2bcb433bae90b19dadbc8d26565795118093"
            },
            "dist": {
                "type": "zip",
                "url": "https://api.github.com/repos/zyneframework/core-min/zipball/cfcd2bcb433bae90b19dadbc8d26565795118093",
                "reference": "cfcd2bcb433bae90b19dadbc8d26565795118093",
                "shasum": ""
            },
            "type": "library",
            "autoload": {
                "psr-4": {
                    "Zyne\\": "src/"
                }
            },
            "notification-url": "https://packagist.org/downloads/",
            "license": [
                "New BSD License"
            ],
            "authors": [
                {
                    "name": "Gilberto Albino",
                    "email": "zyneframework@zyne.com.br"
                }
            ],
            "description": "Componente Core do Framework Zyne - Pacote Mínimo",
            "time": "2017-02-20 23:14:47"
        },
        {
            "name": "zyneframework/module",
            "version": "dev-master",
            "source": {
                "type": "git",
                "url": "https://github.com/zyneframework/module.git",
                "reference": "147dd280382d33d29099c00e6b8387cf976a5263"
            },
            "dist": {
                "type": "zip",
                "url": "https://api.github.com/repos/zyneframework/module/zipball/147dd280382d33d29099c00e6b8387cf976a5263",
                "reference": "147dd280382d33d29099c00e6b8387cf976a5263",
                "shasum": ""
            },
            "require": {
                "zyneframework/core": "dev-master"
            },
            "type": "library",
            "notification-url": "https://packagist.org/downloads/",
            "license": [
                "New BSD License"
            ],
            "authors": [
                {
                    "name": "Gilberto Albino",
                    "email": "zyneframework@zyne.com.br"
                }
            ],
            "description": "Componente Module do Framework Zyne",
            "time": "2017-02-20 23:15:22"
        },
        {
            "name": "zyneframework/route",
            "version": "dev-master",
            "source": {
                "type": "git",
                "url": "https://github.com/zyneframework/route.git",
                "reference": "9a382022da24c1caef3bc5786b58333369c584b8"
            },
            "dist": {
                "type": "zip",
                "url": "https://api.github.com/repos/zyneframework/route/zipball/9a382022da24c1caef3bc5786b58333369c584b8",
                "reference": "9a382022da24c1caef3bc5786b58333369c584b8",
                "shasum": ""
            },
            "require": {
                "zyneframework/core-min": "dev-master"
            },
            "type": "library",
            "autoload": {
                "psr-4": {
                    "Zyne\\": "src/"
                }
            },
            "notification-url": "https://packagist.org/downloads/",
            "license": [
                "New BSD License"
            ],
            "authors": [
                {
                    "name": "Gilberto Albino",
                    "email": "zyneframework@zyne.com.br"
                }
            ],
            "description": "Componente Route do Framework Zyne",
            "time": "2017-02-20 23:15:48"
        },
        {
            "name": "zyneframework/view",
            "version": "dev-master",
            "source": {
                "type": "git",
                "url": "https://github.com/zyneframework/view.git",
                "reference": "8bec6c8670c9aaecbc0b5ab7d5eb7ae0c37164f2"
            },
            "dist": {
                "type": "zip",
                "url": "https://api.github.com/repos/zyneframework/view/zipball/8bec6c8670c9aaecbc0b5ab7d5eb7ae0c37164f2",
                "reference": "8bec6c8670c9aaecbc0b5ab7d5eb7ae0c37164f2",
                "shasum": ""
            },
            "require": {
                "zyneframework/core-min": "dev-master"
            },
            "type": "library",
            "autoload": {
                "psr-4": {
                    "Zyne\\": "src/"
                }
            },
            "notification-url": "https://packagist.org/downloads/",
            "license": [
                "New BSD License"
            ],
            "authors": [
                {
                    "name": "Gilberto Albino",
                    "email": "zyneframework@zyne.com.br"
                }
            ],
            "description": "O Componente View do Framework Zyne",
            "time": "2017-02-20 00:06:32"
        }
    ],
    "packages-dev": [],
    "aliases": [],
    "minimum-stability": "dev",
    "stability-flags": {
        "zyneframework/core": 20,
        "zyneframework/module": 20,
        "zyneframework/route": 20,
        "zyneframework/view": 20
    },
    "prefer-stable": false,
    "prefer-lowest": false,
    "platform": [],
    "platform-dev": []
}
